
Microsoft Visual Studio Solution File, Format Version 12.00
# Visual Studio 2013
VisualStudioVersion = 12.0.31101.0
MinimumVisualStudioVersion = 10.0.40219.1
Project("{FAE04EC0-301F-11D3-BF4B-00C04F79EFBC}") = "OwinOauthAuthorizationServer", "OwinOauthAuthorizationServer\OwinOauthAuthorizationServer.csproj", "{050D2BC1-07AB-4532-BA8E-56E9355496DC}"
EndProject
Project("{2150E333-8FDC-42A3-9474-1A3956D46DE8}") = "Clients", "Clients", "{E68EF20D-5490-4378-BBA5-161DC21E68D6}"
EndProject
Project("{2150E333-8FDC-42A3-9474-1A3956D46DE8}") = "Servers", "Servers", "{90F150FE-7DD9-49CB-8D67-D310B0DE24AE}"
EndProject
Project("{FAE04EC0-301F-11D3-BF4B-00C04F79EFBC}") = "OAuthCodeGrant", "OAuthCodeGrant\OAuthCodeGrant.csproj", "{40457A63-21B8-48F2-BDE0-D324417B7C02}"
EndProject
Project("{FAE04EC0-301F-11D3-BF4B-00C04F79EFBC}") = "MyConstants", "MyConstants\MyConstants.csproj", "{DDA6FEAC-6794-4C48-89DF-028AE5331D16}"
EndProject
Project("{FAE04EC0-301F-11D3-BF4B-00C04F79EFBC}") = "ResourceServer", "ResourceServer\ResourceServer.csproj", "{66F9C5FB-2239-457C-A30A-C72E82E8489E}"
EndProject
Project("{FAE04EC0-301F-11D3-BF4B-00C04F79EFBC}") = "OAuthClientCredentialGrant", "OAuthClientCredentialGrant\OAuthClientCredentialGrant.csproj", "{3DF9A7F2-C612-41BB-A898-0A39BA82BA2C}"
EndProject
Project("{2150E333-8FDC-42A3-9474-1A3956D46DE8}") = "AZureADOpenConnectIdClient", "AZureADOpenConnectIdClient", "{96694E0E-9180-4AF3-B6B5-67BAB706CFA7}"
EndProject
Project("{FAE04EC0-301F-11D3-BF4B-00C04F79EFBC}") = "AzureADOpenConnectIdSingleSignOnClient", "OpenConnectIdClient\AzureADOpenConnectIdSingleSignOnClient.csproj", "{E738D57A-A598-46D1-A8C7-720888271B5C}"
EndProject
Project("{2150E333-8FDC-42A3-9474-1A3956D46DE8}") = "AzureADOpenID", "AzureADOpenID", "{C992E20D-3F7D-4214-B3E1-6C48B649429D}"
EndProject
Project("{FAE04EC0-301F-11D3-BF4B-00C04F79EFBC}") = "AzureADOpenIdWebApi", "AzureADOpenIdWebApi\AzureADOpenIdWebApi.csproj", "{95834996-4A5D-4E4E-BEEB-97752A098127}"
EndProject
Project("{FAE04EC0-301F-11D3-BF4B-00C04F79EFBC}") = "AzureADOpenIdWebClient", "AzureADOpenIdWebClient\AzureADOpenIdWebClient.csproj", "{E4C097AE-5A5F-45DA-A750-BE00BA2B31EF}"
EndProject
Project("{FAE04EC0-301F-11D3-BF4B-00C04F79EFBC}") = "AzureADOpenIdWebApiNativeClient", "AzureADOpenIdWebApiNativeClient\AzureADOpenIdWebApiNativeClient.csproj", "{D7CF4DDC-EEAF-43A1-81AE-413D54249DD0}"
EndProject
Project("{FAE04EC0-301F-11D3-BF4B-00C04F79EFBC}") = "OwinOpenIdConnectServer", "OwinOpenIdConnectServer\OwinOpenIdConnectServer.csproj", "{27547BB2-045A-4545-94B3-554AFAD58644}"
EndProject
Project("{2150E333-8FDC-42A3-9474-1A3956D46DE8}") = "OpenIdConnectClients", "OpenIdConnectClients", "{01581251-327D-40A4-8EBB-302D63A00347}"
EndProject
Project("{FAE04EC0-301F-11D3-BF4B-00C04F79EFBC}") = "OpenIdConnectHybridClient", "OpenIdConnectCodeGrantClient\OpenIdConnectHybridClient.csproj", "{C877EE97-6F64-4007-96C2-C4641695355F}"
EndProject
Project("{FAE04EC0-301F-11D3-BF4B-00C04F79EFBC}") = "OpenIdConnectResourceServer", "OpenIdConnectResourceServer\OpenIdConnectResourceServer.csproj", "{21704BF0-66F5-487E-8E86-D10E35695D65}"
EndProject
Project("{FAE04EC0-301F-11D3-BF4B-00C04F79EFBC}") = "OpenIdConnectImplicitClient", "OpenIdConnectImplicitClient\OpenIdConnectImplicitClient.csproj", "{50843D89-E314-4AE4-8B31-206DB172EB9B}"
EndProject
Project("{FAE04EC0-301F-11D3-BF4B-00C04F79EFBC}") = "OpenIdConnectCodeManualClient", "OpenIdConnectCodeManualClient\OpenIdConnectCodeManualClient.csproj", "{C5B50FC7-FE46-4B2E-AA3F-F3C8CB3E5991}"
EndProject
Project("{FAE04EC0-301F-11D3-BF4B-00C04F79EFBC}") = "OpenIdConnectClientCredentialsClient", "OpenIdConnectClientCredentialsClient\OpenIdConnectClientCredentialsClient.csproj", "{49AEC2B6-82D0-48F3-85D8-2E9EF74F385B}"
EndProject
Project("{FAE04EC0-301F-11D3-BF4B-00C04F79EFBC}") = "OpenIdConnectResourceOwnerPasswordClient", "OpenIdConnectResourceOwnerPasswordClient\OpenIdConnectResourceOwnerPasswordClient.csproj", "{59CA6514-8BCA-47FF-87C8-C114CDDA372B}"
EndProject
Project("{FAE04EC0-301F-11D3-BF4B-00C04F79EFBC}") = "OpenIdConnectJavascriptImplicitClient", "OpenIdConnectJavascriptImplicitClient\OpenIdConnectJavascriptImplicitClient.csproj", "{06E6D9EF-24CC-4601-A97F-AC6E8F55EA8B}"
EndProject
Project("{FAE04EC0-301F-11D3-BF4B-00C04F79EFBC}") = "OpenIdConnectWPFHybridClient", "OpenIdConnectWPFHybridClient\OpenIdConnectWPFHybridClient.csproj", "{DBF9FA31-1136-4C16-B495-E9537AD4BC8D}"
EndProject
Project("{2150E333-8FDC-42A3-9474-1A3956D46DE8}") = "SecurityTokenService", "SecurityTokenService", "{D625D1B2-56BE-46FC-B0DD-E87CD8745CF5}"
EndProject
Project("{2150E333-8FDC-42A3-9474-1A3956D46DE8}") = "Client", "Client", "{54918B4C-8362-409B-8F60-7AD75033EA5B}"
EndProject
Project("{2150E333-8FDC-42A3-9474-1A3956D46DE8}") = "STS-Service", "STS-Service", "{AF1F9BC5-5987-4157-A6B0-FC016374DCAE}"
EndProject
Project("{2150E333-8FDC-42A3-9474-1A3956D46DE8}") = "STS-Server", "STS-Server", "{DA39C7EE-A8F3-4367-AC18-60F699BE83BC}"
EndProject
Project("{FAE04EC0-301F-11D3-BF4B-00C04F79EFBC}") = "STSPassvieClient", "STSPassvieClient\STSPassvieClient.csproj", "{DF85DFDF-24D9-4811-BB64-348AED82851B}"
EndProject
Project("{FAE04EC0-301F-11D3-BF4B-00C04F79EFBC}") = "STSActiveService", "STSActiveService\STSActiveService.csproj", "{A00EB351-0AED-44FE-836F-C3C13089D0F6}"
EndProject
Project("{FAE04EC0-301F-11D3-BF4B-00C04F79EFBC}") = "STSActiveWCFClient", "STSActiveWCFClient\STSActiveWCFClient.csproj", "{A8CBF7F1-9304-4B73-BCDA-419C79264C91}"
EndProject
Project("{FAE04EC0-301F-11D3-BF4B-00C04F79EFBC}") = "STSActiveWCFServer", "STSActiveWCFServer\STSActiveWCFServer.csproj", "{EB119B5E-2699-4154-B6B7-468C4BB5E1D5}"
EndProject
Project("{FAE04EC0-301F-11D3-BF4B-00C04F79EFBC}") = "STSServerAndService", "STSServerAndService\STSServerAndService.csproj", "{757DE092-4B06-4474-8952-20CE94B98A06}"
EndProject
Project("{FAE04EC0-301F-11D3-BF4B-00C04F79EFBC}") = "MyServiceContract", "MyServiceContract\MyServiceContract.csproj", "{BDC54ADA-32DB-45F3-B43E-501A4389D2BE}"
EndProject
Project("{2150E333-8FDC-42A3-9474-1A3956D46DE8}") = "Owin.Security.OpenIdConnect.Server", "Owin.Security.OpenIdConnect.Server", "{8BEACF03-5725-489F-8DA2-E7981EF789D4}"
EndProject
Project("{FAE04EC0-301F-11D3-BF4B-00C04F79EFBC}") = "Owin.Security.OpenIdConnect.Server", "Owin.Security.OpenIdConnect.Server\Owin.Security.OpenIdConnect.Server.csproj", "{C3877D8E-DB9D-4D6B-AB21-B0B11F50185B}"
EndProject
Project("{FAE04EC0-301F-11D3-BF4B-00C04F79EFBC}") = "OpenIdConnectClientScratch", "OpenIdConnectClientScratch\OpenIdConnectClientScratch.csproj", "{E647C956-465B-4367-B4BE-14A8DB30F8AA}"
EndProject
Project("{FAE04EC0-301F-11D3-BF4B-00C04F79EFBC}") = "OAuth2JWTConsole", "OAuth2JWTConsole\OAuth2JWTConsole.csproj", "{BF611D5D-7E4D-457F-B83A-2C0BE6585C27}"
EndProject
Project("{2150E333-8FDC-42A3-9474-1A3956D46DE8}") = "WebAPI", "WebAPI", "{7C9A6402-502D-4BF0-B388-9F7401422B14}"
EndProject
Project("{FAE04EC0-301F-11D3-BF4B-00C04F79EFBC}") = "WebAPITutoria", "WebAPITutoria\WebAPITutoria.csproj", "{F092DA9B-64D5-4A14-9CBF-DA3BD95DB040}"
EndProject
Project("{FAE04EC0-301F-11D3-BF4B-00C04F79EFBC}") = "WebAPIWCFClientAsMVC", "WebAPIWCFClientAsMVC\WebAPIWCFClientAsMVC.csproj", "{532C11A2-E4A1-4E11-812F-A24D81F37B2A}"
EndProject
Project("{FAE04EC0-301F-11D3-BF4B-00C04F79EFBC}") = "WebAPIWCFServer", "WebAPIWCFServer\WebAPIWCFServer.csproj", "{77FA4A5F-FBD6-46A6-8B5E-5528A9C8C233}"
EndProject
Global
	GlobalSection(SolutionConfigurationPlatforms) = preSolution
		Debug|Any CPU = Debug|Any CPU
		Release|Any CPU = Release|Any CPU
	EndGlobalSection
	GlobalSection(ProjectConfigurationPlatforms) = postSolution
		{050D2BC1-07AB-4532-BA8E-56E9355496DC}.Debug|Any CPU.ActiveCfg = Debug|Any CPU
		{050D2BC1-07AB-4532-BA8E-56E9355496DC}.Debug|Any CPU.Build.0 = Debug|Any CPU
		{050D2BC1-07AB-4532-BA8E-56E9355496DC}.Release|Any CPU.ActiveCfg = Release|Any CPU
		{050D2BC1-07AB-4532-BA8E-56E9355496DC}.Release|Any CPU.Build.0 = Release|Any CPU
		{40457A63-21B8-48F2-BDE0-D324417B7C02}.Debug|Any CPU.ActiveCfg = Debug|Any CPU
		{40457A63-21B8-48F2-BDE0-D324417B7C02}.Debug|Any CPU.Build.0 = Debug|Any CPU
		{40457A63-21B8-48F2-BDE0-D324417B7C02}.Release|Any CPU.ActiveCfg = Release|Any CPU
		{40457A63-21B8-48F2-BDE0-D324417B7C02}.Release|Any CPU.Build.0 = Release|Any CPU
		{DDA6FEAC-6794-4C48-89DF-028AE5331D16}.Debug|Any CPU.ActiveCfg = Debug|Any CPU
		{DDA6FEAC-6794-4C48-89DF-028AE5331D16}.Debug|Any CPU.Build.0 = Debug|Any CPU
		{DDA6FEAC-6794-4C48-89DF-028AE5331D16}.Release|Any CPU.ActiveCfg = Release|Any CPU
		{DDA6FEAC-6794-4C48-89DF-028AE5331D16}.Release|Any CPU.Build.0 = Release|Any CPU
		{66F9C5FB-2239-457C-A30A-C72E82E8489E}.Debug|Any CPU.ActiveCfg = Debug|Any CPU
		{66F9C5FB-2239-457C-A30A-C72E82E8489E}.Debug|Any CPU.Build.0 = Debug|Any CPU
		{66F9C5FB-2239-457C-A30A-C72E82E8489E}.Release|Any CPU.ActiveCfg = Release|Any CPU
		{66F9C5FB-2239-457C-A30A-C72E82E8489E}.Release|Any CPU.Build.0 = Release|Any CPU
		{3DF9A7F2-C612-41BB-A898-0A39BA82BA2C}.Debug|Any CPU.ActiveCfg = Debug|Any CPU
		{3DF9A7F2-C612-41BB-A898-0A39BA82BA2C}.Debug|Any CPU.Build.0 = Debug|Any CPU
		{3DF9A7F2-C612-41BB-A898-0A39BA82BA2C}.Release|Any CPU.ActiveCfg = Release|Any CPU
		{3DF9A7F2-C612-41BB-A898-0A39BA82BA2C}.Release|Any CPU.Build.0 = Release|Any CPU
		{E738D57A-A598-46D1-A8C7-720888271B5C}.Debug|Any CPU.ActiveCfg = Debug|Any CPU
		{E738D57A-A598-46D1-A8C7-720888271B5C}.Debug|Any CPU.Build.0 = Debug|Any CPU
		{E738D57A-A598-46D1-A8C7-720888271B5C}.Release|Any CPU.ActiveCfg = Release|Any CPU
		{E738D57A-A598-46D1-A8C7-720888271B5C}.Release|Any CPU.Build.0 = Release|Any CPU
		{95834996-4A5D-4E4E-BEEB-97752A098127}.Debug|Any CPU.ActiveCfg = Debug|Any CPU
		{95834996-4A5D-4E4E-BEEB-97752A098127}.Debug|Any CPU.Build.0 = Debug|Any CPU
		{95834996-4A5D-4E4E-BEEB-97752A098127}.Release|Any CPU.ActiveCfg = Release|Any CPU
		{95834996-4A5D-4E4E-BEEB-97752A098127}.Release|Any CPU.Build.0 = Release|Any CPU
		{E4C097AE-5A5F-45DA-A750-BE00BA2B31EF}.Debug|Any CPU.ActiveCfg = Debug|Any CPU
		{E4C097AE-5A5F-45DA-A750-BE00BA2B31EF}.Debug|Any CPU.Build.0 = Debug|Any CPU
		{E4C097AE-5A5F-45DA-A750-BE00BA2B31EF}.Release|Any CPU.ActiveCfg = Release|Any CPU
		{E4C097AE-5A5F-45DA-A750-BE00BA2B31EF}.Release|Any CPU.Build.0 = Release|Any CPU
		{D7CF4DDC-EEAF-43A1-81AE-413D54249DD0}.Debug|Any CPU.ActiveCfg = Debug|Any CPU
		{D7CF4DDC-EEAF-43A1-81AE-413D54249DD0}.Debug|Any CPU.Build.0 = Debug|Any CPU
		{D7CF4DDC-EEAF-43A1-81AE-413D54249DD0}.Release|Any CPU.ActiveCfg = Release|Any CPU
		{D7CF4DDC-EEAF-43A1-81AE-413D54249DD0}.Release|Any CPU.Build.0 = Release|Any CPU
		{27547BB2-045A-4545-94B3-554AFAD58644}.Debug|Any CPU.ActiveCfg = Debug|Any CPU
		{27547BB2-045A-4545-94B3-554AFAD58644}.Debug|Any CPU.Build.0 = Debug|Any CPU
		{27547BB2-045A-4545-94B3-554AFAD58644}.Release|Any CPU.ActiveCfg = Release|Any CPU
		{27547BB2-045A-4545-94B3-554AFAD58644}.Release|Any CPU.Build.0 = Release|Any CPU
		{C877EE97-6F64-4007-96C2-C4641695355F}.Debug|Any CPU.ActiveCfg = Debug|Any CPU
		{C877EE97-6F64-4007-96C2-C4641695355F}.Debug|Any CPU.Build.0 = Debug|Any CPU
		{C877EE97-6F64-4007-96C2-C4641695355F}.Release|Any CPU.ActiveCfg = Release|Any CPU
		{C877EE97-6F64-4007-96C2-C4641695355F}.Release|Any CPU.Build.0 = Release|Any CPU
		{21704BF0-66F5-487E-8E86-D10E35695D65}.Debug|Any CPU.ActiveCfg = Debug|Any CPU
		{21704BF0-66F5-487E-8E86-D10E35695D65}.Debug|Any CPU.Build.0 = Debug|Any CPU
		{21704BF0-66F5-487E-8E86-D10E35695D65}.Release|Any CPU.ActiveCfg = Release|Any CPU
		{21704BF0-66F5-487E-8E86-D10E35695D65}.Release|Any CPU.Build.0 = Release|Any CPU
		{50843D89-E314-4AE4-8B31-206DB172EB9B}.Debug|Any CPU.ActiveCfg = Debug|Any CPU
		{50843D89-E314-4AE4-8B31-206DB172EB9B}.Debug|Any CPU.Build.0 = Debug|Any CPU
		{50843D89-E314-4AE4-8B31-206DB172EB9B}.Release|Any CPU.ActiveCfg = Release|Any CPU
		{50843D89-E314-4AE4-8B31-206DB172EB9B}.Release|Any CPU.Build.0 = Release|Any CPU
		{C5B50FC7-FE46-4B2E-AA3F-F3C8CB3E5991}.Debug|Any CPU.ActiveCfg = Debug|Any CPU
		{C5B50FC7-FE46-4B2E-AA3F-F3C8CB3E5991}.Debug|Any CPU.Build.0 = Debug|Any CPU
		{C5B50FC7-FE46-4B2E-AA3F-F3C8CB3E5991}.Release|Any CPU.ActiveCfg = Release|Any CPU
		{C5B50FC7-FE46-4B2E-AA3F-F3C8CB3E5991}.Release|Any CPU.Build.0 = Release|Any CPU
		{49AEC2B6-82D0-48F3-85D8-2E9EF74F385B}.Debug|Any CPU.ActiveCfg = Debug|Any CPU
		{49AEC2B6-82D0-48F3-85D8-2E9EF74F385B}.Debug|Any CPU.Build.0 = Debug|Any CPU
		{49AEC2B6-82D0-48F3-85D8-2E9EF74F385B}.Release|Any CPU.ActiveCfg = Release|Any CPU
		{49AEC2B6-82D0-48F3-85D8-2E9EF74F385B}.Release|Any CPU.Build.0 = Release|Any CPU
		{59CA6514-8BCA-47FF-87C8-C114CDDA372B}.Debug|Any CPU.ActiveCfg = Debug|Any CPU
		{59CA6514-8BCA-47FF-87C8-C114CDDA372B}.Debug|Any CPU.Build.0 = Debug|Any CPU
		{59CA6514-8BCA-47FF-87C8-C114CDDA372B}.Release|Any CPU.ActiveCfg = Release|Any CPU
		{59CA6514-8BCA-47FF-87C8-C114CDDA372B}.Release|Any CPU.Build.0 = Release|Any CPU
		{06E6D9EF-24CC-4601-A97F-AC6E8F55EA8B}.Debug|Any CPU.ActiveCfg = Debug|Any CPU
		{06E6D9EF-24CC-4601-A97F-AC6E8F55EA8B}.Debug|Any CPU.Build.0 = Debug|Any CPU
		{06E6D9EF-24CC-4601-A97F-AC6E8F55EA8B}.Release|Any CPU.ActiveCfg = Release|Any CPU
		{06E6D9EF-24CC-4601-A97F-AC6E8F55EA8B}.Release|Any CPU.Build.0 = Release|Any CPU
		{DBF9FA31-1136-4C16-B495-E9537AD4BC8D}.Debug|Any CPU.ActiveCfg = Debug|Any CPU
		{DBF9FA31-1136-4C16-B495-E9537AD4BC8D}.Debug|Any CPU.Build.0 = Debug|Any CPU
		{DBF9FA31-1136-4C16-B495-E9537AD4BC8D}.Release|Any CPU.ActiveCfg = Release|Any CPU
		{DBF9FA31-1136-4C16-B495-E9537AD4BC8D}.Release|Any CPU.Build.0 = Release|Any CPU
		{DF85DFDF-24D9-4811-BB64-348AED82851B}.Debug|Any CPU.ActiveCfg = Debug|Any CPU
		{DF85DFDF-24D9-4811-BB64-348AED82851B}.Debug|Any CPU.Build.0 = Debug|Any CPU
		{DF85DFDF-24D9-4811-BB64-348AED82851B}.Release|Any CPU.ActiveCfg = Release|Any CPU
		{DF85DFDF-24D9-4811-BB64-348AED82851B}.Release|Any CPU.Build.0 = Release|Any CPU
		{A00EB351-0AED-44FE-836F-C3C13089D0F6}.Debug|Any CPU.ActiveCfg = Debug|Any CPU
		{A00EB351-0AED-44FE-836F-C3C13089D0F6}.Debug|Any CPU.Build.0 = Debug|Any CPU
		{A00EB351-0AED-44FE-836F-C3C13089D0F6}.Release|Any CPU.ActiveCfg = Release|Any CPU
		{A00EB351-0AED-44FE-836F-C3C13089D0F6}.Release|Any CPU.Build.0 = Release|Any CPU
		{A8CBF7F1-9304-4B73-BCDA-419C79264C91}.Debug|Any CPU.ActiveCfg = Debug|Any CPU
		{A8CBF7F1-9304-4B73-BCDA-419C79264C91}.Debug|Any CPU.Build.0 = Debug|Any CPU
		{A8CBF7F1-9304-4B73-BCDA-419C79264C91}.Release|Any CPU.ActiveCfg = Release|Any CPU
		{A8CBF7F1-9304-4B73-BCDA-419C79264C91}.Release|Any CPU.Build.0 = Release|Any CPU
		{EB119B5E-2699-4154-B6B7-468C4BB5E1D5}.Debug|Any CPU.ActiveCfg = Debug|Any CPU
		{EB119B5E-2699-4154-B6B7-468C4BB5E1D5}.Debug|Any CPU.Build.0 = Debug|Any CPU
		{EB119B5E-2699-4154-B6B7-468C4BB5E1D5}.Release|Any CPU.ActiveCfg = Release|Any CPU
		{EB119B5E-2699-4154-B6B7-468C4BB5E1D5}.Release|Any CPU.Build.0 = Release|Any CPU
		{757DE092-4B06-4474-8952-20CE94B98A06}.Debug|Any CPU.ActiveCfg = Debug|Any CPU
		{757DE092-4B06-4474-8952-20CE94B98A06}.Debug|Any CPU.Build.0 = Debug|Any CPU
		{757DE092-4B06-4474-8952-20CE94B98A06}.Release|Any CPU.ActiveCfg = Release|Any CPU
		{757DE092-4B06-4474-8952-20CE94B98A06}.Release|Any CPU.Build.0 = Release|Any CPU
		{BDC54ADA-32DB-45F3-B43E-501A4389D2BE}.Debug|Any CPU.ActiveCfg = Debug|Any CPU
		{BDC54ADA-32DB-45F3-B43E-501A4389D2BE}.Debug|Any CPU.Build.0 = Debug|Any CPU
		{BDC54ADA-32DB-45F3-B43E-501A4389D2BE}.Release|Any CPU.ActiveCfg = Release|Any CPU
		{BDC54ADA-32DB-45F3-B43E-501A4389D2BE}.Release|Any CPU.Build.0 = Release|Any CPU
		{C3877D8E-DB9D-4D6B-AB21-B0B11F50185B}.Debug|Any CPU.ActiveCfg = Debug|Any CPU
		{C3877D8E-DB9D-4D6B-AB21-B0B11F50185B}.Debug|Any CPU.Build.0 = Debug|Any CPU
		{C3877D8E-DB9D-4D6B-AB21-B0B11F50185B}.Release|Any CPU.ActiveCfg = Release|Any CPU
		{C3877D8E-DB9D-4D6B-AB21-B0B11F50185B}.Release|Any CPU.Build.0 = Release|Any CPU
		{E647C956-465B-4367-B4BE-14A8DB30F8AA}.Debug|Any CPU.ActiveCfg = Debug|Any CPU
		{E647C956-465B-4367-B4BE-14A8DB30F8AA}.Debug|Any CPU.Build.0 = Debug|Any CPU
		{E647C956-465B-4367-B4BE-14A8DB30F8AA}.Release|Any CPU.ActiveCfg = Release|Any CPU
		{E647C956-465B-4367-B4BE-14A8DB30F8AA}.Release|Any CPU.Build.0 = Release|Any CPU
		{BF611D5D-7E4D-457F-B83A-2C0BE6585C27}.Debug|Any CPU.ActiveCfg = Debug|Any CPU
		{BF611D5D-7E4D-457F-B83A-2C0BE6585C27}.Debug|Any CPU.Build.0 = Debug|Any CPU
		{BF611D5D-7E4D-457F-B83A-2C0BE6585C27}.Release|Any CPU.ActiveCfg = Release|Any CPU
		{BF611D5D-7E4D-457F-B83A-2C0BE6585C27}.Release|Any CPU.Build.0 = Release|Any CPU
		{F092DA9B-64D5-4A14-9CBF-DA3BD95DB040}.Debug|Any CPU.ActiveCfg = Debug|Any CPU
		{F092DA9B-64D5-4A14-9CBF-DA3BD95DB040}.Debug|Any CPU.Build.0 = Debug|Any CPU
		{F092DA9B-64D5-4A14-9CBF-DA3BD95DB040}.Release|Any CPU.ActiveCfg = Release|Any CPU
		{F092DA9B-64D5-4A14-9CBF-DA3BD95DB040}.Release|Any CPU.Build.0 = Release|Any CPU
		{532C11A2-E4A1-4E11-812F-A24D81F37B2A}.Debug|Any CPU.ActiveCfg = Debug|Any CPU
		{532C11A2-E4A1-4E11-812F-A24D81F37B2A}.Debug|Any CPU.Build.0 = Debug|Any CPU
		{532C11A2-E4A1-4E11-812F-A24D81F37B2A}.Release|Any CPU.ActiveCfg = Release|Any CPU
		{532C11A2-E4A1-4E11-812F-A24D81F37B2A}.Release|Any CPU.Build.0 = Release|Any CPU
		{77FA4A5F-FBD6-46A6-8B5E-5528A9C8C233}.Debug|Any CPU.ActiveCfg = Debug|Any CPU
		{77FA4A5F-FBD6-46A6-8B5E-5528A9C8C233}.Debug|Any CPU.Build.0 = Debug|Any CPU
		{77FA4A5F-FBD6-46A6-8B5E-5528A9C8C233}.Release|Any CPU.ActiveCfg = Release|Any CPU
		{77FA4A5F-FBD6-46A6-8B5E-5528A9C8C233}.Release|Any CPU.Build.0 = Release|Any CPU
	EndGlobalSection
	GlobalSection(SolutionProperties) = preSolution
		HideSolutionNode = FALSE
	EndGlobalSection
	GlobalSection(NestedProjects) = preSolution
		{40457A63-21B8-48F2-BDE0-D324417B7C02} = {E68EF20D-5490-4378-BBA5-161DC21E68D6}
		{66F9C5FB-2239-457C-A30A-C72E82E8489E} = {90F150FE-7DD9-49CB-8D67-D310B0DE24AE}
		{3DF9A7F2-C612-41BB-A898-0A39BA82BA2C} = {E68EF20D-5490-4378-BBA5-161DC21E68D6}
		{E738D57A-A598-46D1-A8C7-720888271B5C} = {96694E0E-9180-4AF3-B6B5-67BAB706CFA7}
		{95834996-4A5D-4E4E-BEEB-97752A098127} = {C992E20D-3F7D-4214-B3E1-6C48B649429D}
		{E4C097AE-5A5F-45DA-A750-BE00BA2B31EF} = {C992E20D-3F7D-4214-B3E1-6C48B649429D}
		{D7CF4DDC-EEAF-43A1-81AE-413D54249DD0} = {C992E20D-3F7D-4214-B3E1-6C48B649429D}
		{C877EE97-6F64-4007-96C2-C4641695355F} = {01581251-327D-40A4-8EBB-302D63A00347}
		{21704BF0-66F5-487E-8E86-D10E35695D65} = {90F150FE-7DD9-49CB-8D67-D310B0DE24AE}
		{50843D89-E314-4AE4-8B31-206DB172EB9B} = {01581251-327D-40A4-8EBB-302D63A00347}
		{C5B50FC7-FE46-4B2E-AA3F-F3C8CB3E5991} = {01581251-327D-40A4-8EBB-302D63A00347}
		{49AEC2B6-82D0-48F3-85D8-2E9EF74F385B} = {01581251-327D-40A4-8EBB-302D63A00347}
		{59CA6514-8BCA-47FF-87C8-C114CDDA372B} = {01581251-327D-40A4-8EBB-302D63A00347}
		{06E6D9EF-24CC-4601-A97F-AC6E8F55EA8B} = {01581251-327D-40A4-8EBB-302D63A00347}
		{DBF9FA31-1136-4C16-B495-E9537AD4BC8D} = {01581251-327D-40A4-8EBB-302D63A00347}
		{54918B4C-8362-409B-8F60-7AD75033EA5B} = {D625D1B2-56BE-46FC-B0DD-E87CD8745CF5}
		{AF1F9BC5-5987-4157-A6B0-FC016374DCAE} = {D625D1B2-56BE-46FC-B0DD-E87CD8745CF5}
		{DA39C7EE-A8F3-4367-AC18-60F699BE83BC} = {D625D1B2-56BE-46FC-B0DD-E87CD8745CF5}
		{DF85DFDF-24D9-4811-BB64-348AED82851B} = {54918B4C-8362-409B-8F60-7AD75033EA5B}
		{A00EB351-0AED-44FE-836F-C3C13089D0F6} = {AF1F9BC5-5987-4157-A6B0-FC016374DCAE}
		{A8CBF7F1-9304-4B73-BCDA-419C79264C91} = {54918B4C-8362-409B-8F60-7AD75033EA5B}
		{EB119B5E-2699-4154-B6B7-468C4BB5E1D5} = {AF1F9BC5-5987-4157-A6B0-FC016374DCAE}
		{757DE092-4B06-4474-8952-20CE94B98A06} = {DA39C7EE-A8F3-4367-AC18-60F699BE83BC}
		{C3877D8E-DB9D-4D6B-AB21-B0B11F50185B} = {8BEACF03-5725-489F-8DA2-E7981EF789D4}
		{E647C956-465B-4367-B4BE-14A8DB30F8AA} = {01581251-327D-40A4-8EBB-302D63A00347}
		{BF611D5D-7E4D-457F-B83A-2C0BE6585C27} = {E68EF20D-5490-4378-BBA5-161DC21E68D6}
		{F092DA9B-64D5-4A14-9CBF-DA3BD95DB040} = {7C9A6402-502D-4BF0-B388-9F7401422B14}
		{532C11A2-E4A1-4E11-812F-A24D81F37B2A} = {7C9A6402-502D-4BF0-B388-9F7401422B14}
		{77FA4A5F-FBD6-46A6-8B5E-5528A9C8C233} = {7C9A6402-502D-4BF0-B388-9F7401422B14}
	EndGlobalSection
EndGlobal
