
Microsoft Visual Studio Solution File, Format Version 12.00
# Visual Studio 2013
VisualStudioVersion = 12.0.31101.0
MinimumVisualStudioVersion = 10.0.40219.1
Project("{FAE04EC0-301F-11D3-BF4B-00C04F79EFBC}") = "OwinOauthAuthorizationServer", "OwinOauthAuthorizationServer\OwinOauthAuthorizationServer.csproj", "{050D2BC1-07AB-4532-BA8E-56E9355496DC}"
EndProject
Project("{2150E333-8FDC-42A3-9474-1A3956D46DE8}") = "Servers", "Servers", "{90F150FE-7DD9-49CB-8D67-D310B0DE24AE}"
EndProject
Project("{FAE04EC0-301F-11D3-BF4B-00C04F79EFBC}") = "ResourceServer", "ResourceServer\ResourceServer.csproj", "{66F9C5FB-2239-457C-A30A-C72E82E8489E}"
EndProject
Project("{2150E333-8FDC-42A3-9474-1A3956D46DE8}") = "AzureADOpenID", "AzureADOpenID", "{C992E20D-3F7D-4214-B3E1-6C48B649429D}"
EndProject
Project("{FAE04EC0-301F-11D3-BF4B-00C04F79EFBC}") = "AzureADOpenIdWebApi", "AzureADOpenIdWebApi\AzureADOpenIdWebApi.csproj", "{95834996-4A5D-4E4E-BEEB-97752A098127}"
EndProject
Project("{FAE04EC0-301F-11D3-BF4B-00C04F79EFBC}") = "AzureADOpenIdWebClient", "AzureADOpenIdWebClient\AzureADOpenIdWebClient.csproj", "{E4C097AE-5A5F-45DA-A750-BE00BA2B31EF}"
EndProject
Project("{FAE04EC0-301F-11D3-BF4B-00C04F79EFBC}") = "AzureADOpenIdWebApiNativeClient", "AzureADOpenIdWebApiNativeClient\AzureADOpenIdWebApiNativeClient.csproj", "{D7CF4DDC-EEAF-43A1-81AE-413D54249DD0}"
EndProject
Project("{FAE04EC0-301F-11D3-BF4B-00C04F79EFBC}") = "OwinOpenIdConnectServer", "OwinOpenIdConnectServer\OwinOpenIdConnectServer.csproj", "{27547BB2-045A-4545-94B3-554AFAD58644}"
EndProject
Project("{2150E333-8FDC-42A3-9474-1A3956D46DE8}") = "OpenIdConnectClients", "OpenIdConnectClients", "{01581251-327D-40A4-8EBB-302D63A00347}"
EndProject
Project("{2150E333-8FDC-42A3-9474-1A3956D46DE8}") = "Owin.Security.OpenIdConnect.Server", "Owin.Security.OpenIdConnect.Server", "{8BEACF03-5725-489F-8DA2-E7981EF789D4}"
EndProject
Project("{FAE04EC0-301F-11D3-BF4B-00C04F79EFBC}") = "Owin.Security.OpenIdConnect.Server", "Owin.Security.OpenIdConnect.Server\Owin.Security.OpenIdConnect.Server.csproj", "{C3877D8E-DB9D-4D6B-AB21-B0B11F50185B}"
EndProject
Project("{2150E333-8FDC-42A3-9474-1A3956D46DE8}") = "WebAPI", "WebAPI", "{7C9A6402-502D-4BF0-B388-9F7401422B14}"
EndProject
Project("{FAE04EC0-301F-11D3-BF4B-00C04F79EFBC}") = "WebAPITutoria", "WebAPITutoria\WebAPITutoria.csproj", "{F092DA9B-64D5-4A14-9CBF-DA3BD95DB040}"
EndProject
Project("{2150E333-8FDC-42A3-9474-1A3956D46DE8}") = "KatanaAndOwin", "KatanaAndOwin", "{99B5A9A5-C6F9-4C79-9DA0-7FC95FF0396C}"
EndProject
Project("{FAE04EC0-301F-11D3-BF4B-00C04F79EFBC}") = "KatanaBasics", "KatanaAndOwin\KatanaBasics\KatanaBasics.csproj", "{8FABEC29-83DB-45C3-AE34-94382C8D4334}"
EndProject
Project("{FAE04EC0-301F-11D3-BF4B-00C04F79EFBC}") = "UseFileServer", "KatanaAndOwin\UseFileServer\UseFileServer.csproj", "{2CD5E12C-D6DD-41E1-A9AB-23E3CD53FDFF}"
EndProject
Project("{FAE04EC0-301F-11D3-BF4B-00C04F79EFBC}") = "OwinAuthenticationHandlerSample", "KatanaAndOwin\OwinAuthenticationHandlerSample\OwinAuthenticationHandlerSample.csproj", "{6965DFD0-373A-4D94-A760-B23E80AC04FE}"
EndProject
Project("{2150E333-8FDC-42A3-9474-1A3956D46DE8}") = "Common", "Common", "{D7BDFD23-9872-4463-AF90-C928D64B0D74}"
EndProject
Project("{FAE04EC0-301F-11D3-BF4B-00C04F79EFBC}") = "WebAPICommon", "Common\WebAPICommon\WebAPICommon.csproj", "{3F34CB22-503B-4DBA-B695-A4D91A99E629}"
EndProject
Project("{2150E333-8FDC-42A3-9474-1A3956D46DE8}") = "OAuthClients", "OAuthClients", "{94F747EC-03B7-4678-9A21-8C6E4F97EC55}"
EndProject
Project("{FAE04EC0-301F-11D3-BF4B-00C04F79EFBC}") = "OAuth2JWTConsole", "OAuthClients\OAuth2JWTConsole\OAuth2JWTConsole.csproj", "{BF611D5D-7E4D-457F-B83A-2C0BE6585C27}"
EndProject
Project("{FAE04EC0-301F-11D3-BF4B-00C04F79EFBC}") = "OAuthCodeGrant", "OAuthClients\OAuthCodeGrant\OAuthCodeGrant.csproj", "{40457A63-21B8-48F2-BDE0-D324417B7C02}"
EndProject
Project("{FAE04EC0-301F-11D3-BF4B-00C04F79EFBC}") = "OAuthClientCredentialGrant", "OAuthClients\OAuthClientCredentialGrant\OAuthClientCredentialGrant.csproj", "{3DF9A7F2-C612-41BB-A898-0A39BA82BA2C}"
EndProject
Project("{FAE04EC0-301F-11D3-BF4B-00C04F79EFBC}") = "Oauth2ImplicitGrant", "OAuthClients\Oauth2ImplicitGrant\Oauth2ImplicitGrant.csproj", "{90F14259-1512-4705-BF6C-4BEC170B13E3}"
EndProject
Project("{FAE04EC0-301F-11D3-BF4B-00C04F79EFBC}") = "OauthResourceOwnderPassword", "OAuthClients\OauthResourceOwnderPassword\OauthResourceOwnderPassword.csproj", "{37A8C932-94AC-49E0-97BA-970A7571A980}"
EndProject
Project("{FAE04EC0-301F-11D3-BF4B-00C04F79EFBC}") = "OpenIdConnectClientCredentialsClient", "OpenIdConnectClients\OpenIdConnectClientCredentialsClient\OpenIdConnectClientCredentialsClient.csproj", "{49AEC2B6-82D0-48F3-85D8-2E9EF74F385B}"
EndProject
Project("{FAE04EC0-301F-11D3-BF4B-00C04F79EFBC}") = "OpenIdConnectCodeManualClient", "OpenIdConnectClients\OpenIdConnectCodeManualClient\OpenIdConnectCodeManualClient.csproj", "{C5B50FC7-FE46-4B2E-AA3F-F3C8CB3E5991}"
EndProject
Project("{FAE04EC0-301F-11D3-BF4B-00C04F79EFBC}") = "OpenIdConnectHybridClient", "OpenIdConnectClients\OpenIdConnectCodeGrantClient\OpenIdConnectHybridClient.csproj", "{C877EE97-6F64-4007-96C2-C4641695355F}"
EndProject
Project("{FAE04EC0-301F-11D3-BF4B-00C04F79EFBC}") = "OpenIdConnectImplicitClient", "OpenIdConnectClients\OpenIdConnectImplicitClient\OpenIdConnectImplicitClient.csproj", "{50843D89-E314-4AE4-8B31-206DB172EB9B}"
EndProject
Project("{FAE04EC0-301F-11D3-BF4B-00C04F79EFBC}") = "OpenIdConnectJavascriptImplicitClient", "OpenIdConnectClients\OpenIdConnectJavascriptImplicitClient\OpenIdConnectJavascriptImplicitClient.csproj", "{06E6D9EF-24CC-4601-A97F-AC6E8F55EA8B}"
EndProject
Project("{FAE04EC0-301F-11D3-BF4B-00C04F79EFBC}") = "OpenIdConnectResourceOwnerPasswordClient", "OpenIdConnectClients\OpenIdConnectResourceOwnerPasswordClient\OpenIdConnectResourceOwnerPasswordClient.csproj", "{59CA6514-8BCA-47FF-87C8-C114CDDA372B}"
EndProject
Project("{FAE04EC0-301F-11D3-BF4B-00C04F79EFBC}") = "OpenIdConnectWPFHybridClient", "OpenIdConnectClients\OpenIdConnectWPFHybridClient\OpenIdConnectWPFHybridClient.csproj", "{DBF9FA31-1136-4C16-B495-E9537AD4BC8D}"
EndProject
Project("{FAE04EC0-301F-11D3-BF4B-00C04F79EFBC}") = "AzureADOpenConnectIdSingleSignOnClient", "OpenIdConnectClients\AzureADOpenConnectIdSingleSignOnClient\AzureADOpenConnectIdSingleSignOnClient.csproj", "{E738D57A-A598-46D1-A8C7-720888271B5C}"
EndProject
Project("{FAE04EC0-301F-11D3-BF4B-00C04F79EFBC}") = "MyConstants", "Common\MyConstants\MyConstants.csproj", "{DDA6FEAC-6794-4C48-89DF-028AE5331D16}"
EndProject
Project("{FAE04EC0-301F-11D3-BF4B-00C04F79EFBC}") = "MyServiceContract", "Common\MyServiceContract\MyServiceContract.csproj", "{BDC54ADA-32DB-45F3-B43E-501A4389D2BE}"
EndProject
Global
	GlobalSection(SolutionConfigurationPlatforms) = preSolution
		Debug|Any CPU = Debug|Any CPU
		Release|Any CPU = Release|Any CPU
	EndGlobalSection
	GlobalSection(ProjectConfigurationPlatforms) = postSolution
		{050D2BC1-07AB-4532-BA8E-56E9355496DC}.Debug|Any CPU.ActiveCfg = Debug|Any CPU
		{050D2BC1-07AB-4532-BA8E-56E9355496DC}.Debug|Any CPU.Build.0 = Debug|Any CPU
		{050D2BC1-07AB-4532-BA8E-56E9355496DC}.Release|Any CPU.ActiveCfg = Release|Any CPU
		{050D2BC1-07AB-4532-BA8E-56E9355496DC}.Release|Any CPU.Build.0 = Release|Any CPU
		{66F9C5FB-2239-457C-A30A-C72E82E8489E}.Debug|Any CPU.ActiveCfg = Debug|Any CPU
		{66F9C5FB-2239-457C-A30A-C72E82E8489E}.Debug|Any CPU.Build.0 = Debug|Any CPU
		{66F9C5FB-2239-457C-A30A-C72E82E8489E}.Release|Any CPU.ActiveCfg = Release|Any CPU
		{66F9C5FB-2239-457C-A30A-C72E82E8489E}.Release|Any CPU.Build.0 = Release|Any CPU
		{95834996-4A5D-4E4E-BEEB-97752A098127}.Debug|Any CPU.ActiveCfg = Debug|Any CPU
		{95834996-4A5D-4E4E-BEEB-97752A098127}.Debug|Any CPU.Build.0 = Debug|Any CPU
		{95834996-4A5D-4E4E-BEEB-97752A098127}.Release|Any CPU.ActiveCfg = Release|Any CPU
		{95834996-4A5D-4E4E-BEEB-97752A098127}.Release|Any CPU.Build.0 = Release|Any CPU
		{E4C097AE-5A5F-45DA-A750-BE00BA2B31EF}.Debug|Any CPU.ActiveCfg = Debug|Any CPU
		{E4C097AE-5A5F-45DA-A750-BE00BA2B31EF}.Debug|Any CPU.Build.0 = Debug|Any CPU
		{E4C097AE-5A5F-45DA-A750-BE00BA2B31EF}.Release|Any CPU.ActiveCfg = Release|Any CPU
		{E4C097AE-5A5F-45DA-A750-BE00BA2B31EF}.Release|Any CPU.Build.0 = Release|Any CPU
		{D7CF4DDC-EEAF-43A1-81AE-413D54249DD0}.Debug|Any CPU.ActiveCfg = Debug|Any CPU
		{D7CF4DDC-EEAF-43A1-81AE-413D54249DD0}.Debug|Any CPU.Build.0 = Debug|Any CPU
		{D7CF4DDC-EEAF-43A1-81AE-413D54249DD0}.Release|Any CPU.ActiveCfg = Release|Any CPU
		{D7CF4DDC-EEAF-43A1-81AE-413D54249DD0}.Release|Any CPU.Build.0 = Release|Any CPU
		{27547BB2-045A-4545-94B3-554AFAD58644}.Debug|Any CPU.ActiveCfg = Debug|Any CPU
		{27547BB2-045A-4545-94B3-554AFAD58644}.Debug|Any CPU.Build.0 = Debug|Any CPU
		{27547BB2-045A-4545-94B3-554AFAD58644}.Release|Any CPU.ActiveCfg = Release|Any CPU
		{27547BB2-045A-4545-94B3-554AFAD58644}.Release|Any CPU.Build.0 = Release|Any CPU
		{C3877D8E-DB9D-4D6B-AB21-B0B11F50185B}.Debug|Any CPU.ActiveCfg = Debug|Any CPU
		{C3877D8E-DB9D-4D6B-AB21-B0B11F50185B}.Debug|Any CPU.Build.0 = Debug|Any CPU
		{C3877D8E-DB9D-4D6B-AB21-B0B11F50185B}.Release|Any CPU.ActiveCfg = Release|Any CPU
		{C3877D8E-DB9D-4D6B-AB21-B0B11F50185B}.Release|Any CPU.Build.0 = Release|Any CPU
		{F092DA9B-64D5-4A14-9CBF-DA3BD95DB040}.Debug|Any CPU.ActiveCfg = Debug|Any CPU
		{F092DA9B-64D5-4A14-9CBF-DA3BD95DB040}.Debug|Any CPU.Build.0 = Debug|Any CPU
		{F092DA9B-64D5-4A14-9CBF-DA3BD95DB040}.Release|Any CPU.ActiveCfg = Release|Any CPU
		{F092DA9B-64D5-4A14-9CBF-DA3BD95DB040}.Release|Any CPU.Build.0 = Release|Any CPU
		{8FABEC29-83DB-45C3-AE34-94382C8D4334}.Debug|Any CPU.ActiveCfg = Debug|Any CPU
		{8FABEC29-83DB-45C3-AE34-94382C8D4334}.Debug|Any CPU.Build.0 = Debug|Any CPU
		{8FABEC29-83DB-45C3-AE34-94382C8D4334}.Release|Any CPU.ActiveCfg = Release|Any CPU
		{8FABEC29-83DB-45C3-AE34-94382C8D4334}.Release|Any CPU.Build.0 = Release|Any CPU
		{2CD5E12C-D6DD-41E1-A9AB-23E3CD53FDFF}.Debug|Any CPU.ActiveCfg = Debug|Any CPU
		{2CD5E12C-D6DD-41E1-A9AB-23E3CD53FDFF}.Debug|Any CPU.Build.0 = Debug|Any CPU
		{2CD5E12C-D6DD-41E1-A9AB-23E3CD53FDFF}.Release|Any CPU.ActiveCfg = Release|Any CPU
		{2CD5E12C-D6DD-41E1-A9AB-23E3CD53FDFF}.Release|Any CPU.Build.0 = Release|Any CPU
		{6965DFD0-373A-4D94-A760-B23E80AC04FE}.Debug|Any CPU.ActiveCfg = Debug|Any CPU
		{6965DFD0-373A-4D94-A760-B23E80AC04FE}.Debug|Any CPU.Build.0 = Debug|Any CPU
		{6965DFD0-373A-4D94-A760-B23E80AC04FE}.Release|Any CPU.ActiveCfg = Release|Any CPU
		{6965DFD0-373A-4D94-A760-B23E80AC04FE}.Release|Any CPU.Build.0 = Release|Any CPU
		{3F34CB22-503B-4DBA-B695-A4D91A99E629}.Debug|Any CPU.ActiveCfg = Debug|Any CPU
		{3F34CB22-503B-4DBA-B695-A4D91A99E629}.Debug|Any CPU.Build.0 = Debug|Any CPU
		{3F34CB22-503B-4DBA-B695-A4D91A99E629}.Release|Any CPU.ActiveCfg = Release|Any CPU
		{3F34CB22-503B-4DBA-B695-A4D91A99E629}.Release|Any CPU.Build.0 = Release|Any CPU
		{BF611D5D-7E4D-457F-B83A-2C0BE6585C27}.Debug|Any CPU.ActiveCfg = Debug|Any CPU
		{BF611D5D-7E4D-457F-B83A-2C0BE6585C27}.Debug|Any CPU.Build.0 = Debug|Any CPU
		{BF611D5D-7E4D-457F-B83A-2C0BE6585C27}.Release|Any CPU.ActiveCfg = Release|Any CPU
		{BF611D5D-7E4D-457F-B83A-2C0BE6585C27}.Release|Any CPU.Build.0 = Release|Any CPU
		{40457A63-21B8-48F2-BDE0-D324417B7C02}.Debug|Any CPU.ActiveCfg = Debug|Any CPU
		{40457A63-21B8-48F2-BDE0-D324417B7C02}.Debug|Any CPU.Build.0 = Debug|Any CPU
		{40457A63-21B8-48F2-BDE0-D324417B7C02}.Release|Any CPU.ActiveCfg = Release|Any CPU
		{40457A63-21B8-48F2-BDE0-D324417B7C02}.Release|Any CPU.Build.0 = Release|Any CPU
		{3DF9A7F2-C612-41BB-A898-0A39BA82BA2C}.Debug|Any CPU.ActiveCfg = Debug|Any CPU
		{3DF9A7F2-C612-41BB-A898-0A39BA82BA2C}.Debug|Any CPU.Build.0 = Debug|Any CPU
		{3DF9A7F2-C612-41BB-A898-0A39BA82BA2C}.Release|Any CPU.ActiveCfg = Release|Any CPU
		{3DF9A7F2-C612-41BB-A898-0A39BA82BA2C}.Release|Any CPU.Build.0 = Release|Any CPU
		{90F14259-1512-4705-BF6C-4BEC170B13E3}.Debug|Any CPU.ActiveCfg = Debug|Any CPU
		{90F14259-1512-4705-BF6C-4BEC170B13E3}.Debug|Any CPU.Build.0 = Debug|Any CPU
		{90F14259-1512-4705-BF6C-4BEC170B13E3}.Release|Any CPU.ActiveCfg = Release|Any CPU
		{90F14259-1512-4705-BF6C-4BEC170B13E3}.Release|Any CPU.Build.0 = Release|Any CPU
		{37A8C932-94AC-49E0-97BA-970A7571A980}.Debug|Any CPU.ActiveCfg = Debug|Any CPU
		{37A8C932-94AC-49E0-97BA-970A7571A980}.Debug|Any CPU.Build.0 = Debug|Any CPU
		{37A8C932-94AC-49E0-97BA-970A7571A980}.Release|Any CPU.ActiveCfg = Release|Any CPU
		{37A8C932-94AC-49E0-97BA-970A7571A980}.Release|Any CPU.Build.0 = Release|Any CPU
		{49AEC2B6-82D0-48F3-85D8-2E9EF74F385B}.Debug|Any CPU.ActiveCfg = Debug|Any CPU
		{49AEC2B6-82D0-48F3-85D8-2E9EF74F385B}.Debug|Any CPU.Build.0 = Debug|Any CPU
		{49AEC2B6-82D0-48F3-85D8-2E9EF74F385B}.Release|Any CPU.ActiveCfg = Release|Any CPU
		{49AEC2B6-82D0-48F3-85D8-2E9EF74F385B}.Release|Any CPU.Build.0 = Release|Any CPU
		{C5B50FC7-FE46-4B2E-AA3F-F3C8CB3E5991}.Debug|Any CPU.ActiveCfg = Debug|Any CPU
		{C5B50FC7-FE46-4B2E-AA3F-F3C8CB3E5991}.Debug|Any CPU.Build.0 = Debug|Any CPU
		{C5B50FC7-FE46-4B2E-AA3F-F3C8CB3E5991}.Release|Any CPU.ActiveCfg = Release|Any CPU
		{C5B50FC7-FE46-4B2E-AA3F-F3C8CB3E5991}.Release|Any CPU.Build.0 = Release|Any CPU
		{C877EE97-6F64-4007-96C2-C4641695355F}.Debug|Any CPU.ActiveCfg = Debug|Any CPU
		{C877EE97-6F64-4007-96C2-C4641695355F}.Debug|Any CPU.Build.0 = Debug|Any CPU
		{C877EE97-6F64-4007-96C2-C4641695355F}.Release|Any CPU.ActiveCfg = Release|Any CPU
		{C877EE97-6F64-4007-96C2-C4641695355F}.Release|Any CPU.Build.0 = Release|Any CPU
		{50843D89-E314-4AE4-8B31-206DB172EB9B}.Debug|Any CPU.ActiveCfg = Debug|Any CPU
		{50843D89-E314-4AE4-8B31-206DB172EB9B}.Debug|Any CPU.Build.0 = Debug|Any CPU
		{50843D89-E314-4AE4-8B31-206DB172EB9B}.Release|Any CPU.ActiveCfg = Release|Any CPU
		{50843D89-E314-4AE4-8B31-206DB172EB9B}.Release|Any CPU.Build.0 = Release|Any CPU
		{06E6D9EF-24CC-4601-A97F-AC6E8F55EA8B}.Debug|Any CPU.ActiveCfg = Debug|Any CPU
		{06E6D9EF-24CC-4601-A97F-AC6E8F55EA8B}.Debug|Any CPU.Build.0 = Debug|Any CPU
		{06E6D9EF-24CC-4601-A97F-AC6E8F55EA8B}.Release|Any CPU.ActiveCfg = Release|Any CPU
		{06E6D9EF-24CC-4601-A97F-AC6E8F55EA8B}.Release|Any CPU.Build.0 = Release|Any CPU
		{59CA6514-8BCA-47FF-87C8-C114CDDA372B}.Debug|Any CPU.ActiveCfg = Debug|Any CPU
		{59CA6514-8BCA-47FF-87C8-C114CDDA372B}.Debug|Any CPU.Build.0 = Debug|Any CPU
		{59CA6514-8BCA-47FF-87C8-C114CDDA372B}.Release|Any CPU.ActiveCfg = Release|Any CPU
		{59CA6514-8BCA-47FF-87C8-C114CDDA372B}.Release|Any CPU.Build.0 = Release|Any CPU
		{DBF9FA31-1136-4C16-B495-E9537AD4BC8D}.Debug|Any CPU.ActiveCfg = Debug|Any CPU
		{DBF9FA31-1136-4C16-B495-E9537AD4BC8D}.Debug|Any CPU.Build.0 = Debug|Any CPU
		{DBF9FA31-1136-4C16-B495-E9537AD4BC8D}.Release|Any CPU.ActiveCfg = Release|Any CPU
		{DBF9FA31-1136-4C16-B495-E9537AD4BC8D}.Release|Any CPU.Build.0 = Release|Any CPU
		{E738D57A-A598-46D1-A8C7-720888271B5C}.Debug|Any CPU.ActiveCfg = Debug|Any CPU
		{E738D57A-A598-46D1-A8C7-720888271B5C}.Debug|Any CPU.Build.0 = Debug|Any CPU
		{E738D57A-A598-46D1-A8C7-720888271B5C}.Release|Any CPU.ActiveCfg = Release|Any CPU
		{E738D57A-A598-46D1-A8C7-720888271B5C}.Release|Any CPU.Build.0 = Release|Any CPU
		{DDA6FEAC-6794-4C48-89DF-028AE5331D16}.Debug|Any CPU.ActiveCfg = Debug|Any CPU
		{DDA6FEAC-6794-4C48-89DF-028AE5331D16}.Debug|Any CPU.Build.0 = Debug|Any CPU
		{DDA6FEAC-6794-4C48-89DF-028AE5331D16}.Release|Any CPU.ActiveCfg = Release|Any CPU
		{DDA6FEAC-6794-4C48-89DF-028AE5331D16}.Release|Any CPU.Build.0 = Release|Any CPU
		{BDC54ADA-32DB-45F3-B43E-501A4389D2BE}.Debug|Any CPU.ActiveCfg = Debug|Any CPU
		{BDC54ADA-32DB-45F3-B43E-501A4389D2BE}.Debug|Any CPU.Build.0 = Debug|Any CPU
		{BDC54ADA-32DB-45F3-B43E-501A4389D2BE}.Release|Any CPU.ActiveCfg = Release|Any CPU
		{BDC54ADA-32DB-45F3-B43E-501A4389D2BE}.Release|Any CPU.Build.0 = Release|Any CPU
	EndGlobalSection
	GlobalSection(SolutionProperties) = preSolution
		HideSolutionNode = FALSE
	EndGlobalSection
	GlobalSection(NestedProjects) = preSolution
		{66F9C5FB-2239-457C-A30A-C72E82E8489E} = {90F150FE-7DD9-49CB-8D67-D310B0DE24AE}
		{95834996-4A5D-4E4E-BEEB-97752A098127} = {C992E20D-3F7D-4214-B3E1-6C48B649429D}
		{E4C097AE-5A5F-45DA-A750-BE00BA2B31EF} = {C992E20D-3F7D-4214-B3E1-6C48B649429D}
		{D7CF4DDC-EEAF-43A1-81AE-413D54249DD0} = {C992E20D-3F7D-4214-B3E1-6C48B649429D}
		{C3877D8E-DB9D-4D6B-AB21-B0B11F50185B} = {8BEACF03-5725-489F-8DA2-E7981EF789D4}
		{F092DA9B-64D5-4A14-9CBF-DA3BD95DB040} = {7C9A6402-502D-4BF0-B388-9F7401422B14}
		{8FABEC29-83DB-45C3-AE34-94382C8D4334} = {99B5A9A5-C6F9-4C79-9DA0-7FC95FF0396C}
		{2CD5E12C-D6DD-41E1-A9AB-23E3CD53FDFF} = {99B5A9A5-C6F9-4C79-9DA0-7FC95FF0396C}
		{6965DFD0-373A-4D94-A760-B23E80AC04FE} = {99B5A9A5-C6F9-4C79-9DA0-7FC95FF0396C}
		{3F34CB22-503B-4DBA-B695-A4D91A99E629} = {D7BDFD23-9872-4463-AF90-C928D64B0D74}
		{BF611D5D-7E4D-457F-B83A-2C0BE6585C27} = {94F747EC-03B7-4678-9A21-8C6E4F97EC55}
		{40457A63-21B8-48F2-BDE0-D324417B7C02} = {94F747EC-03B7-4678-9A21-8C6E4F97EC55}
		{3DF9A7F2-C612-41BB-A898-0A39BA82BA2C} = {94F747EC-03B7-4678-9A21-8C6E4F97EC55}
		{90F14259-1512-4705-BF6C-4BEC170B13E3} = {94F747EC-03B7-4678-9A21-8C6E4F97EC55}
		{37A8C932-94AC-49E0-97BA-970A7571A980} = {94F747EC-03B7-4678-9A21-8C6E4F97EC55}
		{49AEC2B6-82D0-48F3-85D8-2E9EF74F385B} = {01581251-327D-40A4-8EBB-302D63A00347}
		{C5B50FC7-FE46-4B2E-AA3F-F3C8CB3E5991} = {01581251-327D-40A4-8EBB-302D63A00347}
		{C877EE97-6F64-4007-96C2-C4641695355F} = {01581251-327D-40A4-8EBB-302D63A00347}
		{50843D89-E314-4AE4-8B31-206DB172EB9B} = {01581251-327D-40A4-8EBB-302D63A00347}
		{06E6D9EF-24CC-4601-A97F-AC6E8F55EA8B} = {01581251-327D-40A4-8EBB-302D63A00347}
		{59CA6514-8BCA-47FF-87C8-C114CDDA372B} = {01581251-327D-40A4-8EBB-302D63A00347}
		{DBF9FA31-1136-4C16-B495-E9537AD4BC8D} = {01581251-327D-40A4-8EBB-302D63A00347}
		{E738D57A-A598-46D1-A8C7-720888271B5C} = {01581251-327D-40A4-8EBB-302D63A00347}
		{DDA6FEAC-6794-4C48-89DF-028AE5331D16} = {D7BDFD23-9872-4463-AF90-C928D64B0D74}
		{BDC54ADA-32DB-45F3-B43E-501A4389D2BE} = {D7BDFD23-9872-4463-AF90-C928D64B0D74}
	EndGlobalSection
EndGlobal
